
Microsoft Visual Studio Solution File, Format Version 12.00
# Visual Studio Version 17
VisualStudioVersion = 17.3.32804.467
MinimumVisualStudioVersion = 10.0.40219.1
Project("{FAE04EC0-301F-11D3-BF4B-00C04F79EFBC}") = "Module14.Summary", "Module14.Summary\Module14.Summary.csproj", "{82DB57F7-C39D-411A-BBFD-E38D580DAFDB}"
EndProject
Global
	GlobalSection(SolutionConfigurationPlatforms) = preSolution
		Debug|Any CPU = Debug|Any CPU
		Release|Any CPU = Release|Any CPU
	EndGlobalSection
	GlobalSection(ProjectConfigurationPlatforms) = postSolution
		{82DB57F7-C39D-411A-BBFD-E38D580DAFDB}.Debug|Any CPU.ActiveCfg = Debug|Any CPU
		{82DB57F7-C39D-411A-BBFD-E38D580DAFDB}.Debug|Any CPU.Build.0 = Debug|Any CPU
		{82DB57F7-C39D-411A-BBFD-E38D580DAFDB}.Release|Any CPU.ActiveCfg = Release|Any CPU
		{82DB57F7-C39D-411A-BBFD-E38D580DAFDB}.Release|Any CPU.Build.0 = Release|Any CPU
	EndGlobalSection
	GlobalSection(SolutionProperties) = preSolution
		HideSolutionNode = FALSE
	EndGlobalSection
	GlobalSection(ExtensibilityGlobals) = postSolution
		SolutionGuid = {666B6D4B-A88D-4003-8796-708E0F253260}
	EndGlobalSection
EndGlobal
